# THIS IS AN AUTOGENERATED FILE. DO NOT EDIT THIS FILE DIRECTLY.
# yarn lockfile v1


"@types/google-apps-script@^1.0.55":
  version "1.0.55"
  resolved "https://registry.yarnpkg.com/@types/google-apps-script/-/google-apps-script-1.0.55.tgz#cf426f361121d619db557d9e13610f015ee13a61"
  integrity sha512-rrZ2jUdroRbbbDNEYTi5HbxiJYa4K5cpanIzRaiK5bnI0GxRtROZUT8Zjt6IIrPp1SUL+8w+T5bR8ZLwF9FkBA==
